
Microsoft Visual Studio Solution File, Format Version 12.00
# Visual Studio 15
VisualStudioVersion = 15.0.28010.2036
MinimumVisualStudioVersion = 10.0.40219.1
Project("{FAE04EC0-301F-11D3-BF4B-00C04F79EFBC}") = "Banking2A2", "Banking2A2\Banking2A2.csproj", "{A1587E6A-556D-4DC8-A40C-5EF89B84B879}"
EndProject
Global
	GlobalSection(SolutionConfigurationPlatforms) = preSolution
		Debug|Any CPU = Debug|Any CPU
		Release|Any CPU = Release|Any CPU
	EndGlobalSection
	GlobalSection(ProjectConfigurationPlatforms) = postSolution
		{A1587E6A-556D-4DC8-A40C-5EF89B84B879}.Debug|Any CPU.ActiveCfg = Debug|Any CPU
		{A1587E6A-556D-4DC8-A40C-5EF89B84B879}.Debug|Any CPU.Build.0 = Debug|Any CPU
		{A1587E6A-556D-4DC8-A40C-5EF89B84B879}.Release|Any CPU.ActiveCfg = Release|Any CPU
		{A1587E6A-556D-4DC8-A40C-5EF89B84B879}.Release|Any CPU.Build.0 = Release|Any CPU
	EndGlobalSection
	GlobalSection(SolutionProperties) = preSolution
		HideSolutionNode = FALSE
	EndGlobalSection
	GlobalSection(ExtensibilityGlobals) = postSolution
		SolutionGuid = {E23F3AB9-472A-47D2-87B2-19DD96E2CD80}
	EndGlobalSection
EndGlobal
